<?xml version="1.0" encoding="UTF-8" standalone="yes" ?>
<CodeBlocks_project_file>
	<FileVersion major="1" minor="6" />
	<Project>
		<Option title="Craft" />
		<Option pch_mode="2" />
		<Option compiler="gcc" />
		<Build>
			<Target title="Debug">
				<Option output="bin/exe/Debug/Craft" prefix_auto="1" extension_auto="1" />
				<Option working_dir="../../@Depends/@RunEnvironment" />
				<Option object_output="bin/obj/Debug" />
				<Option type="1" />
				<Option compiler="gcc" />
				<Compiler>
					<Add option="-g" />
				</Compiler>
			</Target>
			<Target title="Release">
				<Option output="bin/exe/Release/Craft" prefix_auto="1" extension_auto="1" />
				<Option working_dir="../../@Depends/@RunEnvironment" />
				<Option object_output="bin/obj/Release" />
				<Option type="0" />
				<Option compiler="gcc" />
				<Compiler>
					<Add option="-O2" />
				</Compiler>
				<Linker>
					<Add option="-s" />
				</Linker>
			</Target>
		</Build>
		<Compiler>
			<Add option="-Wall" />
			<Add option="-fexceptions" />
			<Add directory="../../@Depends/SFML/include" />
			<Add directory="src" />
			<Add directory="src/Craft" />
		</Compiler>
		<Linker>
			<Add library="opengl32" />
			<Add library="sfml-system" />
			<Add library="sfml-graphics" />
			<Add library="sfml-window" />
			<Add library="sfml-audio" />
			<Add directory="../../@Depends/SFML/@lib" />
			<Add directory="src/lib" />
		</Linker>
		<Unit filename="../../@Depends/@RunEnvironment/Data/Assets/icon.png" />
		<Unit filename="../../@Depends/@RunEnvironment/Data/Assets/player.png" />
		<Unit filename="../../@Depends/@RunEnvironment/Data/config.dat" />
		<Unit filename=".rc">
			<Option compilerVar="CPP" />
		</Unit>
		<Unit filename="main.cpp" />
		<Unit filename="src/@lib/Craft.cpp" />
		<Unit filename="src/@lib/Displayer.cpp" />
		<Unit filename="src/@lib/EventProc.cpp" />
		<Unit filename="src/Craft/Player.h" />
		<Unit filename="src/Craft/World/World.h" />
		<Unit filename="src/Displayer/Displayer.h" />
		<Unit filename="src/EventProc/EventProc.h" />
		<Extensions>
			<lib_finder disable_auto="1" />
		</Extensions>
	</Project>
</CodeBlocks_project_file>
